{
  "name": "Grokking Coding Interview Algos",
  "lockfileVersion": 2,
  "requires": true,
  "packages": {
    "": {
      "dependencies": {
        "collections": "^5.1.12"
      }
    },
    "node_modules/collections": {
      "version": "5.1.12",
      "resolved": "https://registry.npmjs.org/collections/-/collections-5.1.12.tgz",
      "integrity": "sha512-7WV0gdGlQFHjB//+/5JW4CdMnOlf7fWMMeM3EWvuao7RbK0MeFS01bZOgWmIH5DHDejSutf455QUZ56ZjjROXw==",
      "dependencies": {
        "weak-map": "~1.0.x"
      }
    },
    "node_modules/weak-map": {
      "version": "1.0.5",
      "resolved": "https://registry.npmjs.org/weak-map/-/weak-map-1.0.5.tgz",
      "integrity": "sha1-eWkVhNmGB/UHC9O3CkDmuyLkAes="
    }
  },
  "dependencies": {
    "collections": {
      "version": "5.1.12",
      "resolved": "https://registry.npmjs.org/collections/-/collections-5.1.12.tgz",
      "integrity": "sha512-7WV0gdGlQFHjB//+/5JW4CdMnOlf7fWMMeM3EWvuao7RbK0MeFS01bZOgWmIH5DHDejSutf455QUZ56ZjjROXw==",
      "requires": {
        "weak-map": "~1.0.x"
      }
    },
    "weak-map": {
      "version": "1.0.5",
      "resolved": "https://registry.npmjs.org/weak-map/-/weak-map-1.0.5.tgz",
      "integrity": "sha1-eWkVhNmGB/UHC9O3CkDmuyLkAes="
    }
  }
}
